
Microsoft Visual Studio Solution File, Format Version 12.00
# Visual Studio Version 17
VisualStudioVersion = 17.14.36717.8
MinimumVisualStudioVersion = 10.0.40219.1
Project("{FAE04EC0-301F-11D3-BF4B-00C04F79EFBC}") = "DomainDrivenDesign.Domain", "DomainDrivenDesign.Domain\DomainDrivenDesign.Domain.csproj", "{EE8A9836-590B-4B82-A47B-3DB0877D76F1}"
EndProject
Project("{FAE04EC0-301F-11D3-BF4B-00C04F79EFBC}") = "DomainDrivenDesign.Application", "DomainDrivenDesign.Application\DomainDrivenDesign.Application.csproj", "{DD60E060-C56B-41A1-A5DA-436869DD5FA6}"
EndProject
Project("{FAE04EC0-301F-11D3-BF4B-00C04F79EFBC}") = "DomainDrivenDesign.Infrastructure", "DomainDrivenDesign.Infrastructure\DomainDrivenDesign.Infrastructure.csproj", "{21E1E3CA-B7A1-498C-9717-F550EECCA7F7}"
EndProject
Project("{FAE04EC0-301F-11D3-BF4B-00C04F79EFBC}") = "DomainDrivenDesign.API", "DomainDrivenDesign.API\DomainDrivenDesign.API.csproj", "{0596854A-F35C-4EEE-9C79-54506176F170}"
EndProject
Global
	GlobalSection(SolutionConfigurationPlatforms) = preSolution
		Debug|Any CPU = Debug|Any CPU
		Release|Any CPU = Release|Any CPU
	EndGlobalSection
	GlobalSection(ProjectConfigurationPlatforms) = postSolution
		{EE8A9836-590B-4B82-A47B-3DB0877D76F1}.Debug|Any CPU.ActiveCfg = Debug|Any CPU
		{EE8A9836-590B-4B82-A47B-3DB0877D76F1}.Debug|Any CPU.Build.0 = Debug|Any CPU
		{EE8A9836-590B-4B82-A47B-3DB0877D76F1}.Release|Any CPU.ActiveCfg = Release|Any CPU
		{EE8A9836-590B-4B82-A47B-3DB0877D76F1}.Release|Any CPU.Build.0 = Release|Any CPU
		{DD60E060-C56B-41A1-A5DA-436869DD5FA6}.Debug|Any CPU.ActiveCfg = Debug|Any CPU
		{DD60E060-C56B-41A1-A5DA-436869DD5FA6}.Debug|Any CPU.Build.0 = Debug|Any CPU
		{DD60E060-C56B-41A1-A5DA-436869DD5FA6}.Release|Any CPU.ActiveCfg = Release|Any CPU
		{DD60E060-C56B-41A1-A5DA-436869DD5FA6}.Release|Any CPU.Build.0 = Release|Any CPU
		{21E1E3CA-B7A1-498C-9717-F550EECCA7F7}.Debug|Any CPU.ActiveCfg = Debug|Any CPU
		{21E1E3CA-B7A1-498C-9717-F550EECCA7F7}.Debug|Any CPU.Build.0 = Debug|Any CPU
		{21E1E3CA-B7A1-498C-9717-F550EECCA7F7}.Release|Any CPU.ActiveCfg = Release|Any CPU
		{21E1E3CA-B7A1-498C-9717-F550EECCA7F7}.Release|Any CPU.Build.0 = Release|Any CPU
		{0596854A-F35C-4EEE-9C79-54506176F170}.Debug|Any CPU.ActiveCfg = Debug|Any CPU
		{0596854A-F35C-4EEE-9C79-54506176F170}.Debug|Any CPU.Build.0 = Debug|Any CPU
		{0596854A-F35C-4EEE-9C79-54506176F170}.Release|Any CPU.ActiveCfg = Release|Any CPU
		{0596854A-F35C-4EEE-9C79-54506176F170}.Release|Any CPU.Build.0 = Release|Any CPU
	EndGlobalSection
	GlobalSection(SolutionProperties) = preSolution
		HideSolutionNode = FALSE
	EndGlobalSection
	GlobalSection(ExtensibilityGlobals) = postSolution
		SolutionGuid = {CA01EBBA-A90F-42BC-90FE-F6D5714695D2}
	EndGlobalSection
EndGlobal
